// !$*UTF8*$!
{
	archiveVersion = 1;
	classes = {
	};
	objectVersion = 46;
	objects = {

/* Begin PBXBuildFile section */
		775494D41B09B76B00C05B5D /* 扫描线@2x.png in Resources */ = {isa = PBXBuildFile; fileRef = 775494D31B09B76B00C05B5D /* 扫描线@2x.png */; };
		775495081B09BD2400C05B5D /* barcode_effect_line2@2x.png in Resources */ = {isa = PBXBuildFile; fileRef = 775495071B09BD2400C05B5D /* barcode_effect_line2@2x.png */; };
		77C432481AEE101E00AA7C9B /* main.m in Sources */ = {isa = PBXBuildFile; fileRef = 77C432471AEE101E00AA7C9B /* main.m */; };
		77C4324B1AEE101E00AA7C9B /* AppDelegate.m in Sources */ = {isa = PBXBuildFile; fileRef = 77C4324A1AEE101E00AA7C9B /* AppDelegate.m */; };
		77C4324E1AEE101E00AA7C9B /* ViewController.m in Sources */ = {isa = PBXBuildFile; fileRef = 77C4324D1AEE101E00AA7C9B /* ViewController.m */; };
		77C432531AEE101E00AA7C9B /* Images.xcassets in Resources */ = {isa = PBXBuildFile; fileRef = 77C432521AEE101E00AA7C9B /* Images.xcassets */; };
		77C432561AEE101E00AA7C9B /* LaunchScreen.xib in Resources */ = {isa = PBXBuildFile; fileRef = 77C432541AEE101E00AA7C9B /* LaunchScreen.xib */; };
		77C432621AEE101E00AA7C9B /* iOS_____Tests.m in Sources */ = {isa = PBXBuildFile; fileRef = 77C432611AEE101E00AA7C9B /* iOS_____Tests.m */; };
		77C4327A1AEE188400AA7C9B /* beep.wav in Resources */ = {isa = PBXBuildFile; fileRef = 77C432791AEE188400AA7C9B /* beep.wav */; };
		77C432AF1AEE1CC200AA7C9B /* ScanQRCode.m in Sources */ = {isa = PBXBuildFile; fileRef = 77C4327C1AEE1CC200AA7C9B /* ScanQRCode.m */; };
		77C432CB1AEE2B0400AA7C9B /* QRCameraSwitchButton.m in Sources */ = {isa = PBXBuildFile; fileRef = 77C432C51AEE2B0400AA7C9B /* QRCameraSwitchButton.m */; };
		77C432CC1AEE2B0400AA7C9B /* QRCodeReaderView.m in Sources */ = {isa = PBXBuildFile; fileRef = 77C432C81AEE2B0400AA7C9B /* QRCodeReaderView.m */; };
		77C432CD1AEE2B0400AA7C9B /* QRCodeReaderViewController.m in Sources */ = {isa = PBXBuildFile; fileRef = 77C432CA1AEE2B0400AA7C9B /* QRCodeReaderViewController.m */; };
		9C9358BC1919FDF731D8C470 /* libPods.a in Frameworks */ = {isa = PBXBuildFile; fileRef = EAEEB8479D742BC2C518DF23 /* libPods.a */; };
/* End PBXBuildFile section */

/* Begin PBXContainerItemProxy section */
		77C4325C1AEE101E00AA7C9B /* PBXContainerItemProxy */ = {
			isa = PBXContainerItemProxy;
			containerPortal = 77C4323A1AEE101E00AA7C9B /* Project object */;
			proxyType = 1;
			remoteGlobalIDString = 77C432411AEE101E00AA7C9B;
			remoteInfo = "iOS二维码扫描";
		};
/* End PBXContainerItemProxy section */

/* Begin PBXFileReference section */
		165BAFA4EE4FCE77192A227D /* Pods.release.xcconfig */ = {isa = PBXFileReference; includeInIndex = 1; lastKnownFileType = text.xcconfig; name = Pods.release.xcconfig; path = "Pods/Target Support Files/Pods/Pods.release.xcconfig"; sourceTree = "<group>"; };
		5F3D03EAA8C343552E63DED2 /* Pods.debug.xcconfig */ = {isa = PBXFileReference; includeInIndex = 1; lastKnownFileType = text.xcconfig; name = Pods.debug.xcconfig; path = "Pods/Target Support Files/Pods/Pods.debug.xcconfig"; sourceTree = "<group>"; };
		775494D31B09B76B00C05B5D /* 扫描线@2x.png */ = {isa = PBXFileReference; lastKnownFileType = image.png; path = "扫描线@2x.png"; sourceTree = "<group>"; };
		775495071B09BD2400C05B5D /* barcode_effect_line2@2x.png */ = {isa = PBXFileReference; lastKnownFileType = image.png; path = "barcode_effect_line2@2x.png"; sourceTree = "<group>"; };
		77C432421AEE101E00AA7C9B /* iOS二维码扫描.app */ = {isa = PBXFileReference; explicitFileType = wrapper.application; includeInIndex = 0; path = "iOS二维码扫描.app"; sourceTree = BUILT_PRODUCTS_DIR; };
		77C432461AEE101E00AA7C9B /* Info.plist */ = {isa = PBXFileReference; lastKnownFileType = text.plist.xml; path = Info.plist; sourceTree = "<group>"; };
		77C432471AEE101E00AA7C9B /* main.m */ = {isa = PBXFileReference; lastKnownFileType = sourcecode.c.objc; path = main.m; sourceTree = "<group>"; };
		77C432491AEE101E00AA7C9B /* AppDelegate.h */ = {isa = PBXFileReference; lastKnownFileType = sourcecode.c.h; path = AppDelegate.h; sourceTree = "<group>"; };
		77C4324A1AEE101E00AA7C9B /* AppDelegate.m */ = {isa = PBXFileReference; lastKnownFileType = sourcecode.c.objc; path = AppDelegate.m; sourceTree = "<group>"; };
		77C4324C1AEE101E00AA7C9B /* ViewController.h */ = {isa = PBXFileReference; lastKnownFileType = sourcecode.c.h; path = ViewController.h; sourceTree = "<group>"; };
		77C4324D1AEE101E00AA7C9B /* ViewController.m */ = {isa = PBXFileReference; lastKnownFileType = sourcecode.c.objc; path = ViewController.m; sourceTree = "<group>"; };
		77C432521AEE101E00AA7C9B /* Images.xcassets */ = {isa = PBXFileReference; lastKnownFileType = folder.assetcatalog; path = Images.xcassets; sourceTree = "<group>"; };
		77C432551AEE101E00AA7C9B /* Base */ = {isa = PBXFileReference; lastKnownFileType = file.xib; name = Base; path = Base.lproj/LaunchScreen.xib; sourceTree = "<group>"; };
		77C4325B1AEE101E00AA7C9B /* iOS二维码扫描Tests.xctest */ = {isa = PBXFileReference; explicitFileType = wrapper.cfbundle; includeInIndex = 0; path = "iOS二维码扫描Tests.xctest"; sourceTree = BUILT_PRODUCTS_DIR; };
		77C432601AEE101E00AA7C9B /* Info.plist */ = {isa = PBXFileReference; lastKnownFileType = text.plist.xml; path = Info.plist; sourceTree = "<group>"; };
		77C432611AEE101E00AA7C9B /* iOS_____Tests.m */ = {isa = PBXFileReference; lastKnownFileType = sourcecode.c.objc; path = "iOS_____Tests.m"; sourceTree = "<group>"; };
		77C432791AEE188400AA7C9B /* beep.wav */ = {isa = PBXFileReference; lastKnownFileType = audio.wav; path = beep.wav; sourceTree = "<group>"; };
		77C4327B1AEE1CC200AA7C9B /* ScanQRCode.h */ = {isa = PBXFileReference; fileEncoding = 4; lastKnownFileType = sourcecode.c.h; name = ScanQRCode.h; path = ../ScanQRCode.h; sourceTree = "<group>"; };
		77C4327C1AEE1CC200AA7C9B /* ScanQRCode.m */ = {isa = PBXFileReference; fileEncoding = 4; lastKnownFileType = sourcecode.c.objc; name = ScanQRCode.m; path = ../ScanQRCode.m; sourceTree = "<group>"; };
		77C432B51AEE1D1000AA7C9B /* CoreGraphics.framework */ = {isa = PBXFileReference; lastKnownFileType = wrapper.framework; name = CoreGraphics.framework; path = System/Library/Frameworks/CoreGraphics.framework; sourceTree = SDKROOT; };
		77C432B71AEE1D3400AA7C9B /* UIKit.framework */ = {isa = PBXFileReference; lastKnownFileType = wrapper.framework; name = UIKit.framework; path = System/Library/Frameworks/UIKit.framework; sourceTree = SDKROOT; };
		77C432B91AEE1D6800AA7C9B /* AVFoundation.framework */ = {isa = PBXFileReference; lastKnownFileType = wrapper.framework; name = AVFoundation.framework; path = System/Library/Frameworks/AVFoundation.framework; sourceTree = SDKROOT; };
		77C432BB1AEE1D6F00AA7C9B /* CoreMedia.framework */ = {isa = PBXFileReference; lastKnownFileType = wrapper.framework; name = CoreMedia.framework; path = System/Library/Frameworks/CoreMedia.framework; sourceTree = SDKROOT; };
		77C432BD1AEE1D7600AA7C9B /* CoreVideo.framework */ = {isa = PBXFileReference; lastKnownFileType = wrapper.framework; name = CoreVideo.framework; path = System/Library/Frameworks/CoreVideo.framework; sourceTree = SDKROOT; };
		77C432BF1AEE1D8100AA7C9B /* libiconv.dylib */ = {isa = PBXFileReference; lastKnownFileType = "compiled.mach-o.dylib"; name = libiconv.dylib; path = usr/lib/libiconv.dylib; sourceTree = SDKROOT; };
		77C432C11AEE1D8A00AA7C9B /* QuartzCore.framework */ = {isa = PBXFileReference; lastKnownFileType = wrapper.framework; name = QuartzCore.framework; path = System/Library/Frameworks/QuartzCore.framework; sourceTree = SDKROOT; };
		77C432C41AEE2B0400AA7C9B /* QRCameraSwitchButton.h */ = {isa = PBXFileReference; fileEncoding = 4; lastKnownFileType = sourcecode.c.h; path = QRCameraSwitchButton.h; sourceTree = "<group>"; };
		77C432C51AEE2B0400AA7C9B /* QRCameraSwitchButton.m */ = {isa = PBXFileReference; fileEncoding = 4; lastKnownFileType = sourcecode.c.objc; path = QRCameraSwitchButton.m; sourceTree = "<group>"; };
		77C432C61AEE2B0400AA7C9B /* QRCodeReaderDelegate.h */ = {isa = PBXFileReference; fileEncoding = 4; lastKnownFileType = sourcecode.c.h; path = QRCodeReaderDelegate.h; sourceTree = "<group>"; };
		77C432C71AEE2B0400AA7C9B /* QRCodeReaderView.h */ = {isa = PBXFileReference; fileEncoding = 4; lastKnownFileType = sourcecode.c.h; path = QRCodeReaderView.h; sourceTree = "<group>"; };
		77C432C81AEE2B0400AA7C9B /* QRCodeReaderView.m */ = {isa = PBXFileReference; fileEncoding = 4; lastKnownFileType = sourcecode.c.objc; path = QRCodeReaderView.m; sourceTree = "<group>"; };
		77C432C91AEE2B0400AA7C9B /* QRCodeReaderViewController.h */ = {isa = PBXFileReference; fileEncoding = 4; lastKnownFileType = sourcecode.c.h; path = QRCodeReaderViewController.h; sourceTree = "<group>"; };
		77C432CA1AEE2B0400AA7C9B /* QRCodeReaderViewController.m */ = {isa = PBXFileReference; fileEncoding = 4; lastKnownFileType = sourcecode.c.objc; path = QRCodeReaderViewController.m; sourceTree = "<group>"; };
		EAEEB8479D742BC2C518DF23 /* libPods.a */ = {isa = PBXFileReference; explicitFileType = archive.ar; includeInIndex = 0; path = libPods.a; sourceTree = BUILT_PRODUCTS_DIR; };
/* End PBXFileReference section */

/* Begin PBXFrameworksBuildPhase section */
		77C4323F1AEE101E00AA7C9B /* Frameworks */ = {
			isa = PBXFrameworksBuildPhase;
			buildActionMask = 2147483647;
			files = (
				9C9358BC1919FDF731D8C470 /* libPods.a in Frameworks */,
			);
			runOnlyForDeploymentPostprocessing = 0;
		};
		77C432581AEE101E00AA7C9B /* Frameworks */ = {
			isa = PBXFrameworksBuildPhase;
			buildActionMask = 2147483647;
			files = (
			);
			runOnlyForDeploymentPostprocessing = 0;
		};
/* End PBXFrameworksBuildPhase section */

/* Begin PBXGroup section */
		335E7DE310FF07B43F527534 /* Frameworks */ = {
			isa = PBXGroup;
			children = (
				77C432C11AEE1D8A00AA7C9B /* QuartzCore.framework */,
				77C432BF1AEE1D8100AA7C9B /* libiconv.dylib */,
				77C432BD1AEE1D7600AA7C9B /* CoreVideo.framework */,
				77C432BB1AEE1D6F00AA7C9B /* CoreMedia.framework */,
				77C432B91AEE1D6800AA7C9B /* AVFoundation.framework */,
				77C432B71AEE1D3400AA7C9B /* UIKit.framework */,
				77C432B51AEE1D1000AA7C9B /* CoreGraphics.framework */,
				EAEEB8479D742BC2C518DF23 /* libPods.a */,
			);
			name = Frameworks;
			sourceTree = "<group>";
		};
		77C432391AEE101E00AA7C9B = {
			isa = PBXGroup;
			children = (
				77C432441AEE101E00AA7C9B /* iOS二维码扫描 */,
				77C4325E1AEE101E00AA7C9B /* iOS二维码扫描Tests */,
				77C432431AEE101E00AA7C9B /* Products */,
				7E4EAE5C500A916AB6CF728E /* Pods */,
				335E7DE310FF07B43F527534 /* Frameworks */,
			);
			sourceTree = "<group>";
		};
		77C432431AEE101E00AA7C9B /* Products */ = {
			isa = PBXGroup;
			children = (
				77C432421AEE101E00AA7C9B /* iOS二维码扫描.app */,
				77C4325B1AEE101E00AA7C9B /* iOS二维码扫描Tests.xctest */,
			);
			name = Products;
			sourceTree = "<group>";
		};
		77C432441AEE101E00AA7C9B /* iOS二维码扫描 */ = {
			isa = PBXGroup;
			children = (
				77C432491AEE101E00AA7C9B /* AppDelegate.h */,
				77C4324A1AEE101E00AA7C9B /* AppDelegate.m */,
				77C4324C1AEE101E00AA7C9B /* ViewController.h */,
				77C4324D1AEE101E00AA7C9B /* ViewController.m */,
				77C432C31AEE2B0400AA7C9B /* QRCodeReaderViewController */,
				77C4327D1AEE1CC200AA7C9B /* ZBarSDK */,
				77C432521AEE101E00AA7C9B /* Images.xcassets */,
				77C432541AEE101E00AA7C9B /* LaunchScreen.xib */,
				77C432451AEE101E00AA7C9B /* Supporting Files */,
			);
			path = "iOS二维码扫描";
			sourceTree = "<group>";
		};
		77C432451AEE101E00AA7C9B /* Supporting Files */ = {
			isa = PBXGroup;
			children = (
				77C432461AEE101E00AA7C9B /* Info.plist */,
				77C432791AEE188400AA7C9B /* beep.wav */,
				77C432471AEE101E00AA7C9B /* main.m */,
			);
			name = "Supporting Files";
			sourceTree = "<group>";
		};
		77C4325E1AEE101E00AA7C9B /* iOS二维码扫描Tests */ = {
			isa = PBXGroup;
			children = (
				77C432611AEE101E00AA7C9B /* iOS_____Tests.m */,
				77C4325F1AEE101E00AA7C9B /* Supporting Files */,
			);
			path = "iOS二维码扫描Tests";
			sourceTree = "<group>";
		};
		77C4325F1AEE101E00AA7C9B /* Supporting Files */ = {
			isa = PBXGroup;
			children = (
				77C432601AEE101E00AA7C9B /* Info.plist */,
			);
			name = "Supporting Files";
			sourceTree = "<group>";
		};
		77C4327D1AEE1CC200AA7C9B /* ZBarSDK */ = {
			isa = PBXGroup;
			children = (
				77C4327B1AEE1CC200AA7C9B /* ScanQRCode.h */,
				77C4327C1AEE1CC200AA7C9B /* ScanQRCode.m */,
				775495071B09BD2400C05B5D /* barcode_effect_line2@2x.png */,
				775494D31B09B76B00C05B5D /* 扫描线@2x.png */,
			);
			name = ZBarSDK;
			path = QRZbar/ZBarSDK;
			sourceTree = "<group>";
		};
		77C432C31AEE2B0400AA7C9B /* QRCodeReaderViewController */ = {
			isa = PBXGroup;
			children = (
				77C432C41AEE2B0400AA7C9B /* QRCameraSwitchButton.h */,
				77C432C51AEE2B0400AA7C9B /* QRCameraSwitchButton.m */,
				77C432C61AEE2B0400AA7C9B /* QRCodeReaderDelegate.h */,
				77C432C71AEE2B0400AA7C9B /* QRCodeReaderView.h */,
				77C432C81AEE2B0400AA7C9B /* QRCodeReaderView.m */,
				77C432C91AEE2B0400AA7C9B /* QRCodeReaderViewController.h */,
				77C432CA1AEE2B0400AA7C9B /* QRCodeReaderViewController.m */,
			);
			path = QRCodeReaderViewController;
			sourceTree = "<group>";
		};
		7E4EAE5C500A916AB6CF728E /* Pods */ = {
			isa = PBXGroup;
			children = (
				5F3D03EAA8C343552E63DED2 /* Pods.debug.xcconfig */,
				165BAFA4EE4FCE77192A227D /* Pods.release.xcconfig */,
			);
			name = Pods;
			sourceTree = "<group>";
		};
/* End PBXGroup section */

/* Begin PBXNativeTarget section */
		77C432411AEE101E00AA7C9B /* iOS二维码扫描 */ = {
			isa = PBXNativeTarget;
			buildConfigurationList = 77C432651AEE101E00AA7C9B /* Build configuration list for PBXNativeTarget "iOS二维码扫描" */;
			buildPhases = (
				0E1B723022F05659D6BAF279 /* Check Pods Manifest.lock */,
				77C4323E1AEE101E00AA7C9B /* Sources */,
				77C4323F1AEE101E00AA7C9B /* Frameworks */,
				77C432401AEE101E00AA7C9B /* Resources */,
				CE0C1B51F744DA67E51E173C /* Copy Pods Resources */,
			);
			buildRules = (
			);
			dependencies = (
			);
			name = "iOS二维码扫描";
			productName = "iOS二维码扫描";
			productReference = 77C432421AEE101E00AA7C9B /* iOS二维码扫描.app */;
			productType = "com.apple.product-type.application";
		};
		77C4325A1AEE101E00AA7C9B /* iOS二维码扫描Tests */ = {
			isa = PBXNativeTarget;
			buildConfigurationList = 77C432681AEE101E00AA7C9B /* Build configuration list for PBXNativeTarget "iOS二维码扫描Tests" */;
			buildPhases = (
				77C432571AEE101E00AA7C9B /* Sources */,
				77C432581AEE101E00AA7C9B /* Frameworks */,
				77C432591AEE101E00AA7C9B /* Resources */,
			);
			buildRules = (
			);
			dependencies = (
				77C4325D1AEE101E00AA7C9B /* PBXTargetDependency */,
			);
			name = "iOS二维码扫描Tests";
			productName = "iOS二维码扫描Tests";
			productReference = 77C4325B1AEE101E00AA7C9B /* iOS二维码扫描Tests.xctest */;
			productType = "com.apple.product-type.bundle.unit-test";
		};
/* End PBXNativeTarget section */

/* Begin PBXProject section */
		77C4323A1AEE101E00AA7C9B /* Project object */ = {
			isa = PBXProject;
			attributes = {
				LastUpgradeCheck = 0630;
				ORGANIZATIONNAME = YuanWei;
				TargetAttributes = {
					77C432411AEE101E00AA7C9B = {
						CreatedOnToolsVersion = 6.3;
						DevelopmentTeam = PC3NWZ494B;
					};
					77C4325A1AEE101E00AA7C9B = {
						CreatedOnToolsVersion = 6.3;
						TestTargetID = 77C432411AEE101E00AA7C9B;
					};
				};
			};
			buildConfigurationList = 77C4323D1AEE101E00AA7C9B /* Build configuration list for PBXProject "iOS二维码扫描" */;
			compatibilityVersion = "Xcode 3.2";
			developmentRegion = English;
			hasScannedForEncodings = 0;
			knownRegions = (
				en,
				Base,
			);
			mainGroup = 77C432391AEE101E00AA7C9B;
			productRefGroup = 77C432431AEE101E00AA7C9B /* Products */;
			projectDirPath = "";
			projectRoot = "";
			targets = (
				77C432411AEE101E00AA7C9B /* iOS二维码扫描 */,
				77C4325A1AEE101E00AA7C9B /* iOS二维码扫描Tests */,
			);
		};
/* End PBXProject section */

/* Begin PBXResourcesBuildPhase section */
		77C432401AEE101E00AA7C9B /* Resources */ = {
			isa = PBXResourcesBuildPhase;
			buildActionMask = 2147483647;
			files = (
				775494D41B09B76B00C05B5D /* 扫描线@2x.png in Resources */,
				775495081B09BD2400C05B5D /* barcode_effect_line2@2x.png in Resources */,
				77C4327A1AEE188400AA7C9B /* beep.wav in Resources */,
				77C432561AEE101E00AA7C9B /* LaunchScreen.xib in Resources */,
				77C432531AEE101E00AA7C9B /* Images.xcassets in Resources */,
			);
			runOnlyForDeploymentPostprocessing = 0;
		};
		77C432591AEE101E00AA7C9B /* Resources */ = {
			isa = PBXResourcesBuildPhase;
			buildActionMask = 2147483647;
			files = (
			);
			runOnlyForDeploymentPostprocessing = 0;
		};
/* End PBXResourcesBuildPhase section */

/* Begin PBXShellScriptBuildPhase section */
		0E1B723022F05659D6BAF279 /* Check Pods Manifest.lock */ = {
			isa = PBXShellScriptBuildPhase;
			buildActionMask = 2147483647;
			files = (
			);
			inputPaths = (
			);
			name = "Check Pods Manifest.lock";
			outputPaths = (
			);
			runOnlyForDeploymentPostprocessing = 0;
			shellPath = /bin/sh;
			shellScript = "diff \"${PODS_ROOT}/../Podfile.lock\" \"${PODS_ROOT}/Manifest.lock\" > /dev/null\nif [[ $? != 0 ]] ; then\n    cat << EOM\nerror: The sandbox is not in sync with the Podfile.lock. Run 'pod install' or update your CocoaPods installation.\nEOM\n    exit 1\nfi\n";
			showEnvVarsInLog = 0;
		};
		CE0C1B51F744DA67E51E173C /* Copy Pods Resources */ = {
			isa = PBXShellScriptBuildPhase;
			buildActionMask = 2147483647;
			files = (
			);
			inputPaths = (
			);
			name = "Copy Pods Resources";
			outputPaths = (
			);
			runOnlyForDeploymentPostprocessing = 0;
			shellPath = /bin/sh;
			shellScript = "\"${SRCROOT}/Pods/Target Support Files/Pods/Pods-resources.sh\"\n";
			showEnvVarsInLog = 0;
		};
/* End PBXShellScriptBuildPhase section */

/* Begin PBXSourcesBuildPhase section */
		77C4323E1AEE101E00AA7C9B /* Sources */ = {
			isa = PBXSourcesBuildPhase;
			buildActionMask = 2147483647;
			files = (
				77C432CD1AEE2B0400AA7C9B /* QRCodeReaderViewController.m in Sources */,
				77C4324E1AEE101E00AA7C9B /* ViewController.m in Sources */,
				77C4324B1AEE101E00AA7C9B /* AppDelegate.m in Sources */,
				77C432CB1AEE2B0400AA7C9B /* QRCameraSwitchButton.m in Sources */,
				77C432CC1AEE2B0400AA7C9B /* QRCodeReaderView.m in Sources */,
				77C432481AEE101E00AA7C9B /* main.m in Sources */,
				77C432AF1AEE1CC200AA7C9B /* ScanQRCode.m in Sources */,
			);
			runOnlyForDeploymentPostprocessing = 0;
		};
		77C432571AEE101E00AA7C9B /* Sources */ = {
			isa = PBXSourcesBuildPhase;
			buildActionMask = 2147483647;
			files = (
				77C432621AEE101E00AA7C9B /* iOS_____Tests.m in Sources */,
			);
			runOnlyForDeploymentPostprocessing = 0;
		};
/* End PBXSourcesBuildPhase section */

/* Begin PBXTargetDependency section */
		77C4325D1AEE101E00AA7C9B /* PBXTargetDependency */ = {
			isa = PBXTargetDependency;
			target = 77C432411AEE101E00AA7C9B /* iOS二维码扫描 */;
			targetProxy = 77C4325C1AEE101E00AA7C9B /* PBXContainerItemProxy */;
		};
/* End PBXTargetDependency section */

/* Begin PBXVariantGroup section */
		77C432541AEE101E00AA7C9B /* LaunchScreen.xib */ = {
			isa = PBXVariantGroup;
			children = (
				77C432551AEE101E00AA7C9B /* Base */,
			);
			name = LaunchScreen.xib;
			sourceTree = "<group>";
		};
/* End PBXVariantGroup section */

/* Begin XCBuildConfiguration section */
		77C432631AEE101E00AA7C9B /* Debug */ = {
			isa = XCBuildConfiguration;
			buildSettings = {
				ALWAYS_SEARCH_USER_PATHS = NO;
				CLANG_CXX_LANGUAGE_STANDARD = "gnu++0x";
				CLANG_CXX_LIBRARY = "libc++";
				CLANG_ENABLE_MODULES = YES;
				CLANG_ENABLE_OBJC_ARC = YES;
				CLANG_WARN_BOOL_CONVERSION = YES;
				CLANG_WARN_CONSTANT_CONVERSION = YES;
				CLANG_WARN_DIRECT_OBJC_ISA_USAGE = YES_ERROR;
				CLANG_WARN_EMPTY_BODY = YES;
				CLANG_WARN_ENUM_CONVERSION = YES;
				CLANG_WARN_INT_CONVERSION = YES;
				CLANG_WARN_OBJC_ROOT_CLASS = YES_ERROR;
				CLANG_WARN_UNREACHABLE_CODE = YES;
				CLANG_WARN__DUPLICATE_METHOD_MATCH = YES;
				"CODE_SIGN_IDENTITY[sdk=iphoneos*]" = "iPhone Developer";
				COPY_PHASE_STRIP = NO;
				DEBUG_INFORMATION_FORMAT = "dwarf-with-dsym";
				ENABLE_STRICT_OBJC_MSGSEND = YES;
				GCC_C_LANGUAGE_STANDARD = gnu99;
				GCC_DYNAMIC_NO_PIC = NO;
				GCC_NO_COMMON_BLOCKS = YES;
				GCC_OPTIMIZATION_LEVEL = 0;
				GCC_PREPROCESSOR_DEFINITIONS = (
					"DEBUG=1",
					"$(inherited)",
				);
				GCC_SYMBOLS_PRIVATE_EXTERN = NO;
				GCC_WARN_64_TO_32_BIT_CONVERSION = YES;
				GCC_WARN_ABOUT_RETURN_TYPE = YES_ERROR;
				GCC_WARN_UNDECLARED_SELECTOR = YES;
				GCC_WARN_UNINITIALIZED_AUTOS = YES_AGGRESSIVE;
				GCC_WARN_UNUSED_FUNCTION = YES;
				GCC_WARN_UNUSED_VARIABLE = YES;
				IPHONEOS_DEPLOYMENT_TARGET = 7.0;
				MTL_ENABLE_DEBUG_INFO = YES;
				ONLY_ACTIVE_ARCH = YES;
				SDKROOT = iphoneos;
			};
			name = Debug;
		};
		77C432641AEE101E00AA7C9B /* Release */ = {
			isa = XCBuildConfiguration;
			buildSettings = {
				ALWAYS_SEARCH_USER_PATHS = NO;
				CLANG_CXX_LANGUAGE_STANDARD = "gnu++0x";
				CLANG_CXX_LIBRARY = "libc++";
				CLANG_ENABLE_MODULES = YES;
				CLANG_ENABLE_OBJC_ARC = YES;
				CLANG_WARN_BOOL_CONVERSION = YES;
				CLANG_WARN_CONSTANT_CONVERSION = YES;
				CLANG_WARN_DIRECT_OBJC_ISA_USAGE = YES_ERROR;
				CLANG_WARN_EMPTY_BODY = YES;
				CLANG_WARN_ENUM_CONVERSION = YES;
				CLANG_WARN_INT_CONVERSION = YES;
				CLANG_WARN_OBJC_ROOT_CLASS = YES_ERROR;
				CLANG_WARN_UNREACHABLE_CODE = YES;
				CLANG_WARN__DUPLICATE_METHOD_MATCH = YES;
				"CODE_SIGN_IDENTITY[sdk=iphoneos*]" = "iPhone Developer";
				COPY_PHASE_STRIP = NO;
				DEBUG_INFORMATION_FORMAT = "dwarf-with-dsym";
				ENABLE_NS_ASSERTIONS = NO;
				ENABLE_STRICT_OBJC_MSGSEND = YES;
				GCC_C_LANGUAGE_STANDARD = gnu99;
				GCC_NO_COMMON_BLOCKS = YES;
				GCC_WARN_64_TO_32_BIT_CONVERSION = YES;
				GCC_WARN_ABOUT_RETURN_TYPE = YES_ERROR;
				GCC_WARN_UNDECLARED_SELECTOR = YES;
				GCC_WARN_UNINITIALIZED_AUTOS = YES_AGGRESSIVE;
				GCC_WARN_UNUSED_FUNCTION = YES;
				GCC_WARN_UNUSED_VARIABLE = YES;
				IPHONEOS_DEPLOYMENT_TARGET = 7.0;
				MTL_ENABLE_DEBUG_INFO = NO;
				SDKROOT = iphoneos;
				VALIDATE_PRODUCT = YES;
			};
			name = Release;
		};
		77C432661AEE101E00AA7C9B /* Debug */ = {
			isa = XCBuildConfiguration;
			baseConfigurationReference = 5F3D03EAA8C343552E63DED2 /* Pods.debug.xcconfig */;
			buildSettings = {
				ASSETCATALOG_COMPILER_APPICON_NAME = AppIcon;
				CODE_SIGN_IDENTITY = "iPhone Developer";
				"CODE_SIGN_IDENTITY[sdk=iphoneos*]" = "iPhone Developer";
				INFOPLIST_FILE = "iOS二维码扫描/Info.plist";
				LD_RUNPATH_SEARCH_PATHS = "$(inherited) @executable_path/Frameworks";
				LIBRARY_SEARCH_PATHS = (
					"$(inherited)",
					"$(PROJECT_DIR)/iOS二维码扫描/QRZbar/ZBarSDK",
				);
				PRODUCT_NAME = "$(TARGET_NAME)";
				PROVISIONING_PROFILE = "";
			};
			name = Debug;
		};
		77C432671AEE101E00AA7C9B /* Release */ = {
			isa = XCBuildConfiguration;
			baseConfigurationReference = 165BAFA4EE4FCE77192A227D /* Pods.release.xcconfig */;
			buildSettings = {
				ASSETCATALOG_COMPILER_APPICON_NAME = AppIcon;
				CODE_SIGN_IDENTITY = "iPhone Developer";
				"CODE_SIGN_IDENTITY[sdk=iphoneos*]" = "iPhone Developer";
				INFOPLIST_FILE = "iOS二维码扫描/Info.plist";
				LD_RUNPATH_SEARCH_PATHS = "$(inherited) @executable_path/Frameworks";
				LIBRARY_SEARCH_PATHS = (
					"$(inherited)",
					"$(PROJECT_DIR)/iOS二维码扫描/QRZbar/ZBarSDK",
				);
				PRODUCT_NAME = "$(TARGET_NAME)";
				PROVISIONING_PROFILE = "";
			};
			name = Release;
		};
		77C432691AEE101E00AA7C9B /* Debug */ = {
			isa = XCBuildConfiguration;
			buildSettings = {
				BUNDLE_LOADER = "$(TEST_HOST)";
				FRAMEWORK_SEARCH_PATHS = (
					"$(SDKROOT)/Developer/Library/Frameworks",
					"$(inherited)",
				);
				GCC_PREPROCESSOR_DEFINITIONS = (
					"DEBUG=1",
					"$(inherited)",
				);
				INFOPLIST_FILE = "iOS二维码扫描Tests/Info.plist";
				LD_RUNPATH_SEARCH_PATHS = "$(inherited) @executable_path/Frameworks @loader_path/Frameworks";
				PRODUCT_NAME = "$(TARGET_NAME)";
				TEST_HOST = "$(BUILT_PRODUCTS_DIR)/iOS二维码扫描.app/iOS二维码扫描";
			};
			name = Debug;
		};
		77C4326A1AEE101E00AA7C9B /* Release */ = {
			isa = XCBuildConfiguration;
			buildSettings = {
				BUNDLE_LOADER = "$(TEST_HOST)";
				FRAMEWORK_SEARCH_PATHS = (
					"$(SDKROOT)/Developer/Library/Frameworks",
					"$(inherited)",
				);
				INFOPLIST_FILE = "iOS二维码扫描Tests/Info.plist";
				LD_RUNPATH_SEARCH_PATHS = "$(inherited) @executable_path/Frameworks @loader_path/Frameworks";
				PRODUCT_NAME = "$(TARGET_NAME)";
				TEST_HOST = "$(BUILT_PRODUCTS_DIR)/iOS二维码扫描.app/iOS二维码扫描";
			};
			name = Release;
		};
/* End XCBuildConfiguration section */

/* Begin XCConfigurationList section */
		77C4323D1AEE101E00AA7C9B /* Build configuration list for PBXProject "iOS二维码扫描" */ = {
			isa = XCConfigurationList;
			buildConfigurations = (
				77C432631AEE101E00AA7C9B /* Debug */,
				77C432641AEE101E00AA7C9B /* Release */,
			);
			defaultConfigurationIsVisible = 0;
			defaultConfigurationName = Release;
		};
		77C432651AEE101E00AA7C9B /* Build configuration list for PBXNativeTarget "iOS二维码扫描" */ = {
			isa = XCConfigurationList;
			buildConfigurations = (
				77C432661AEE101E00AA7C9B /* Debug */,
				77C432671AEE101E00AA7C9B /* Release */,
			);
			defaultConfigurationIsVisible = 0;
			defaultConfigurationName = Release;
		};
		77C432681AEE101E00AA7C9B /* Build configuration list for PBXNativeTarget "iOS二维码扫描Tests" */ = {
			isa = XCConfigurationList;
			buildConfigurations = (
				77C432691AEE101E00AA7C9B /* Debug */,
				77C4326A1AEE101E00AA7C9B /* Release */,
			);
			defaultConfigurationIsVisible = 0;
			defaultConfigurationName = Release;
		};
/* End XCConfigurationList section */
	};
	rootObject = 77C4323A1AEE101E00AA7C9B /* Project object */;
}
